// !$*UTF8*$!
{
	archiveVersion = 1;
	classes = {
	};
	objectVersion = 50;
	objects = {

/* Begin PBXBuildFile section */
		059EDD161882EB155A480E1A3070D74D /* DemoViewModel.swift in Sources */ = {isa = PBXBuildFile; fileRef = DE7BD9D64CF628BCE92BFB8F309F0E2C /* DemoViewModel.swift */; };
		2490611AC6564395C1B2C89013861019 /* WebParser.framework in Embed Frameworks */ = {isa = PBXBuildFile; fileRef = 3DE252051D76370A389E418CC81F6E09 /* WebParser.framework */; settings = {ATTRIBUTES = (CodeSignOnCopy, RemoveHeadersOnCopy, ); }; };
		31CA0A035508CD13C9D648C4E15D9426 /* WebParser.swift in Sources */ = {isa = PBXBuildFile; fileRef = F95268AFC58FBB64A0EA043E29BE59CB /* WebParser.swift */; };
		3733013CD5D7B76792368EAD6CB09CDD /* DemoViewOutlet.swift in Sources */ = {isa = PBXBuildFile; fileRef = 1998533FAA0776E31D5B234AB46B6E7B /* DemoViewOutlet.swift */; };
		4345B773F8CFA955807586A92EB9CBC8 /* Comic.swift in Sources */ = {isa = PBXBuildFile; fileRef = 15849B1B3B453AEE3C6217E0C86D8F33 /* Comic.swift */; };
		45B3ACD5CBFB748BD707D4E01EA4C1F6 /* Assets.xcassets in Resources */ = {isa = PBXBuildFile; fileRef = 01939EA6084FFF557D7CFE6B8558ED81 /* Assets.xcassets */; };
		606893C12FC13C928AAFD2D55FF666F0 /* WebParser.h in Headers */ = {isa = PBXBuildFile; fileRef = B3FC410575C69D24539A61DA81E5F5B7 /* WebParser.h */; settings = {ATTRIBUTES = (Public, ); }; };
		92091EF364B1C2CF4177FECA6C3AE98D /* LaunchScreen.storyboard in Resources */ = {isa = PBXBuildFile; fileRef = 0767F64BCDBB3E89C1531BC834B76442 /* LaunchScreen.storyboard */; };
		956C5CC73F3BD22F2768E1FB7ED98C76 /* Main.storyboard in Resources */ = {isa = PBXBuildFile; fileRef = C50C050AD29F2CDFAA1C2B6D871B9890 /* Main.storyboard */; };
		99A34985B87036A02C500FA6EABAB713 /* DemoViewController.swift in Sources */ = {isa = PBXBuildFile; fileRef = FCEEC8F987D83A217F5EC4EEF980C632 /* DemoViewController.swift */; };
		D07775AB34755C190510B1B978D56FD4 /* WebParser.framework in Frameworks */ = {isa = PBXBuildFile; fileRef = 3DE252051D76370A389E418CC81F6E09 /* WebParser.framework */; };
		E11BD79DD45D4137D6A7DECEEC9FDB5D /* AppDelegate.swift in Sources */ = {isa = PBXBuildFile; fileRef = 58317EE318F4282E18B92018E283ED66 /* AppDelegate.swift */; };
/* End PBXBuildFile section */

/* Begin PBXContainerItemProxy section */
		D0F18E521F76AF5D43B76B5CDE69A7D0 /* PBXContainerItemProxy */ = {
			isa = PBXContainerItemProxy;
			containerPortal = 7A88468124C030182E018F2B8D32BABD /* Project object */;
			proxyType = 1;
			remoteGlobalIDString = 86A511238896E5FE1D546AB0E7D4596E;
			remoteInfo = WebParser;
		};
/* End PBXContainerItemProxy section */

/* Begin PBXCopyFilesBuildPhase section */
		BC7795EBA8C24E08D9261D6D6EBC1CB3 /* Embed Frameworks */ = {
			isa = PBXCopyFilesBuildPhase;
			buildActionMask = 2147483647;
			dstPath = "";
			dstSubfolderSpec = 10;
			files = (
				2490611AC6564395C1B2C89013861019 /* WebParser.framework in Embed Frameworks */,
			);
			name = "Embed Frameworks";
			runOnlyForDeploymentPostprocessing = 0;
		};
/* End PBXCopyFilesBuildPhase section */

/* Begin PBXFileReference section */
		01939EA6084FFF557D7CFE6B8558ED81 /* Assets.xcassets */ = {isa = PBXFileReference; lastKnownFileType = folder.assetcatalog; path = Assets.xcassets; sourceTree = "<group>"; };
		026EB2ECBEC77AEA4D13E7338E5454A5 /* Info.plist */ = {isa = PBXFileReference; lastKnownFileType = text.plist.xml; path = Info.plist; sourceTree = "<group>"; };
		15849B1B3B453AEE3C6217E0C86D8F33 /* Comic.swift */ = {isa = PBXFileReference; lastKnownFileType = sourcecode.swift; path = Comic.swift; sourceTree = "<group>"; };
		1998533FAA0776E31D5B234AB46B6E7B /* DemoViewOutlet.swift */ = {isa = PBXFileReference; lastKnownFileType = sourcecode.swift; path = DemoViewOutlet.swift; sourceTree = "<group>"; };
		24270DCF966E167FCB5938120ED084BE /* Base */ = {isa = PBXFileReference; lastKnownFileType = file.storyboard; name = Base; path = Base.lproj/LaunchScreen.storyboard; sourceTree = "<group>"; };
		3DE252051D76370A389E418CC81F6E09 /* WebParser.framework */ = {isa = PBXFileReference; explicitFileType = wrapper.framework; includeInIndex = 0; path = WebParser.framework; sourceTree = BUILT_PRODUCTS_DIR; };
		4C4FF0753197409F76DEE7E47BB39D21 /* Info.plist */ = {isa = PBXFileReference; lastKnownFileType = text.plist.xml; path = Info.plist; sourceTree = "<group>"; };
		58317EE318F4282E18B92018E283ED66 /* AppDelegate.swift */ = {isa = PBXFileReference; lastKnownFileType = sourcecode.swift; path = AppDelegate.swift; sourceTree = "<group>"; };
		B3FC410575C69D24539A61DA81E5F5B7 /* WebParser.h */ = {isa = PBXFileReference; lastKnownFileType = sourcecode.c.h; path = WebParser.h; sourceTree = "<group>"; };
		C50C050AD29F2CDFAA1C2B6D871B9890 /* Main.storyboard */ = {isa = PBXFileReference; lastKnownFileType = file.storyboard; path = Main.storyboard; sourceTree = "<group>"; };
		CEB3ABDBD35635A02D9176B77C47AFFE /* Demo.app */ = {isa = PBXFileReference; explicitFileType = wrapper.application; includeInIndex = 0; path = Demo.app; sourceTree = BUILT_PRODUCTS_DIR; };
		DE7BD9D64CF628BCE92BFB8F309F0E2C /* DemoViewModel.swift */ = {isa = PBXFileReference; lastKnownFileType = sourcecode.swift; path = DemoViewModel.swift; sourceTree = "<group>"; };
		F95268AFC58FBB64A0EA043E29BE59CB /* WebParser.swift */ = {isa = PBXFileReference; lastKnownFileType = sourcecode.swift; path = WebParser.swift; sourceTree = "<group>"; };
		FCEEC8F987D83A217F5EC4EEF980C632 /* DemoViewController.swift */ = {isa = PBXFileReference; fileEncoding = 4; lastKnownFileType = sourcecode.swift; path = DemoViewController.swift; sourceTree = "<group>"; };
/* End PBXFileReference section */

/* Begin PBXFrameworksBuildPhase section */
		887550A8A12B67633E647FA540DDE5B0 /* Frameworks */ = {
			isa = PBXFrameworksBuildPhase;
			buildActionMask = 2147483647;
			files = (
			);
			runOnlyForDeploymentPostprocessing = 0;
		};
		F0A3EC5472A4B496FC4BC5DD6D819225 /* Frameworks */ = {
			isa = PBXFrameworksBuildPhase;
			buildActionMask = 2147483647;
			files = (
				D07775AB34755C190510B1B978D56FD4 /* WebParser.framework in Frameworks */,
			);
			runOnlyForDeploymentPostprocessing = 0;
		};
/* End PBXFrameworksBuildPhase section */

/* Begin PBXGroup section */
		561DEAD4D39D45A5926176583DBD4234 /* DemoVVV */ = {
			isa = PBXGroup;
			children = (
				FCEEC8F987D83A217F5EC4EEF980C632 /* DemoViewController.swift */,
				DE7BD9D64CF628BCE92BFB8F309F0E2C /* DemoViewModel.swift */,
				1998533FAA0776E31D5B234AB46B6E7B /* DemoViewOutlet.swift */,
			);
			path = DemoVVV;
			sourceTree = "<group>";
		};
		6B52F357A083B3D8956678E4F12FC7C2 /* Model */ = {
			isa = PBXGroup;
			children = (
				15849B1B3B453AEE3C6217E0C86D8F33 /* Comic.swift */,
			);
			path = Model;
			sourceTree = "<group>";
		};
		84815BC14CE387C7B48A588E39E20327 /* WebParser */ = {
			isa = PBXGroup;
			children = (
				4C4FF0753197409F76DEE7E47BB39D21 /* Info.plist */,
				B3FC410575C69D24539A61DA81E5F5B7 /* WebParser.h */,
				F95268AFC58FBB64A0EA043E29BE59CB /* WebParser.swift */,
			);
			path = WebParser;
			sourceTree = "<group>";
		};
		949B3EE8A650C5E27408D7C2CB5497AD /* Demo */ = {
			isa = PBXGroup;
			children = (
				9F51810A4CA7D9E125FA6A4D02CCBC2E /* App */,
				561DEAD4D39D45A5926176583DBD4234 /* DemoVVV */,
				6B52F357A083B3D8956678E4F12FC7C2 /* Model */,
				B632B2DEC53FC8F9B976EBF1680A08B6 /* Storyboard */,
				01939EA6084FFF557D7CFE6B8558ED81 /* Assets.xcassets */,
			);
			path = Demo;
			sourceTree = "<group>";
		};
		9F51810A4CA7D9E125FA6A4D02CCBC2E /* App */ = {
			isa = PBXGroup;
			children = (
				58317EE318F4282E18B92018E283ED66 /* AppDelegate.swift */,
				026EB2ECBEC77AEA4D13E7338E5454A5 /* Info.plist */,
				0767F64BCDBB3E89C1531BC834B76442 /* LaunchScreen.storyboard */,
			);
			name = App;
			sourceTree = "<group>";
		};
		B632B2DEC53FC8F9B976EBF1680A08B6 /* Storyboard */ = {
			isa = PBXGroup;
			children = (
				C50C050AD29F2CDFAA1C2B6D871B9890 /* Main.storyboard */,
			);
			name = Storyboard;
			sourceTree = "<group>";
		};
		DB1DB422C5CAF27C98E1785D516C0A96 /* Products */ = {
			isa = PBXGroup;
			children = (
				CEB3ABDBD35635A02D9176B77C47AFFE /* Demo.app */,
				3DE252051D76370A389E418CC81F6E09 /* WebParser.framework */,
			);
			name = Products;
			sourceTree = "<group>";
		};
		E11D3AB55C846F5F592BF5853405CCD7 = {
			isa = PBXGroup;
			children = (
				949B3EE8A650C5E27408D7C2CB5497AD /* Demo */,
				DB1DB422C5CAF27C98E1785D516C0A96 /* Products */,
				84815BC14CE387C7B48A588E39E20327 /* WebParser */,
			);
			sourceTree = "<group>";
		};
/* End PBXGroup section */

/* Begin PBXHeadersBuildPhase section */
		54202B45D36285AC3018E290555CC1DE /* Headers */ = {
			isa = PBXHeadersBuildPhase;
			buildActionMask = 2147483647;
			files = (
				606893C12FC13C928AAFD2D55FF666F0 /* WebParser.h in Headers */,
			);
			runOnlyForDeploymentPostprocessing = 0;
		};
/* End PBXHeadersBuildPhase section */

/* Begin PBXNativeTarget section */
		12DFF72A4E510DF230BE36A0119B6A47 /* Demo */ = {
			isa = PBXNativeTarget;
			buildConfigurationList = B591E243ADD399C7771B91D6D1AA7DBA /* Build configuration list for PBXNativeTarget "Demo" */;
			buildPhases = (
				758504C523B52F93A1A3B23AE3B5EAD3 /* Sources */,
				F0A3EC5472A4B496FC4BC5DD6D819225 /* Frameworks */,
				BEBFF4B642FACD8C3E511D7661E5EE7F /* Resources */,
				BC7795EBA8C24E08D9261D6D6EBC1CB3 /* Embed Frameworks */,
			);
			buildRules = (
			);
			dependencies = (
				411DD0CA6050B4A7811402EF264896B7 /* PBXTargetDependency */,
			);
			name = Demo;
			productName = Demo;
			productReference = CEB3ABDBD35635A02D9176B77C47AFFE /* Demo.app */;
			productType = "com.apple.product-type.application";
		};
		86A511238896E5FE1D546AB0E7D4596E /* WebParser */ = {
			isa = PBXNativeTarget;
			buildConfigurationList = F3284E1906571EDABD8859A2D6CA3578 /* Build configuration list for PBXNativeTarget "WebParser" */;
			buildPhases = (
				8B7CDF2AEB94D1958B7499ED2133DD7A /* Sources */,
				887550A8A12B67633E647FA540DDE5B0 /* Frameworks */,
				54202B45D36285AC3018E290555CC1DE /* Headers */,
				7AF5DA3376CA59AC5698F88539D92EFC /* Resources */,
			);
			buildRules = (
			);
			dependencies = (
			);
			name = WebParser;
			productName = WebParser;
			productReference = 3DE252051D76370A389E418CC81F6E09 /* WebParser.framework */;
			productType = "com.apple.product-type.framework";
		};
/* End PBXNativeTarget section */

/* Begin PBXProject section */
		7A88468124C030182E018F2B8D32BABD /* Project object */ = {
			isa = PBXProject;
			attributes = {
				LastSwiftUpdateCheck = 0930;
				LastUpgradeCheck = 0930;
				ORGANIZATIONNAME = ShinrenPan;
				TargetAttributes = {
					12DFF72A4E510DF230BE36A0119B6A47 = {
						CreatedOnToolsVersion = 9.3;
					};
					86A511238896E5FE1D546AB0E7D4596E = {
						CreatedOnToolsVersion = 9.3;
						LastSwiftMigration = 0930;
					};
				};
			};
			buildConfigurationList = D741991BC9B00453BFD8E78FFCA63E27 /* Build configuration list for PBXProject "WebParser" */;
			compatibilityVersion = "Xcode 9.3";
			developmentRegion = en;
			hasScannedForEncodings = 0;
			knownRegions = (
				en,
				Base,
			);
			mainGroup = E11D3AB55C846F5F592BF5853405CCD7;
			productRefGroup = DB1DB422C5CAF27C98E1785D516C0A96 /* Products */;
			projectDirPath = "";
			projectRoot = "";
			targets = (
				86A511238896E5FE1D546AB0E7D4596E /* WebParser */,
				12DFF72A4E510DF230BE36A0119B6A47 /* Demo */,
			);
		};
/* End PBXProject section */

/* Begin PBXResourcesBuildPhase section */
		7AF5DA3376CA59AC5698F88539D92EFC /* Resources */ = {
			isa = PBXResourcesBuildPhase;
			buildActionMask = 2147483647;
			files = (
			);
			runOnlyForDeploymentPostprocessing = 0;
		};
		BEBFF4B642FACD8C3E511D7661E5EE7F /* Resources */ = {
			isa = PBXResourcesBuildPhase;
			buildActionMask = 2147483647;
			files = (
				45B3ACD5CBFB748BD707D4E01EA4C1F6 /* Assets.xcassets in Resources */,
				92091EF364B1C2CF4177FECA6C3AE98D /* LaunchScreen.storyboard in Resources */,
				956C5CC73F3BD22F2768E1FB7ED98C76 /* Main.storyboard in Resources */,
			);
			runOnlyForDeploymentPostprocessing = 0;
		};
/* End PBXResourcesBuildPhase section */

/* Begin PBXSourcesBuildPhase section */
		758504C523B52F93A1A3B23AE3B5EAD3 /* Sources */ = {
			isa = PBXSourcesBuildPhase;
			buildActionMask = 2147483647;
			files = (
				E11BD79DD45D4137D6A7DECEEC9FDB5D /* AppDelegate.swift in Sources */,
				4345B773F8CFA955807586A92EB9CBC8 /* Comic.swift in Sources */,
				99A34985B87036A02C500FA6EABAB713 /* DemoViewController.swift in Sources */,
				059EDD161882EB155A480E1A3070D74D /* DemoViewModel.swift in Sources */,
				3733013CD5D7B76792368EAD6CB09CDD /* DemoViewOutlet.swift in Sources */,
			);
			runOnlyForDeploymentPostprocessing = 0;
		};
		8B7CDF2AEB94D1958B7499ED2133DD7A /* Sources */ = {
			isa = PBXSourcesBuildPhase;
			buildActionMask = 2147483647;
			files = (
				31CA0A035508CD13C9D648C4E15D9426 /* WebParser.swift in Sources */,
			);
			runOnlyForDeploymentPostprocessing = 0;
		};
/* End PBXSourcesBuildPhase section */

/* Begin PBXTargetDependency section */
		411DD0CA6050B4A7811402EF264896B7 /* PBXTargetDependency */ = {
			isa = PBXTargetDependency;
			target = 86A511238896E5FE1D546AB0E7D4596E /* WebParser */;
			targetProxy = D0F18E521F76AF5D43B76B5CDE69A7D0 /* PBXContainerItemProxy */;
		};
/* End PBXTargetDependency section */

/* Begin PBXVariantGroup section */
		0767F64BCDBB3E89C1531BC834B76442 /* LaunchScreen.storyboard */ = {
			isa = PBXVariantGroup;
			children = (
				24270DCF966E167FCB5938120ED084BE /* Base */,
			);
			name = LaunchScreen.storyboard;
			sourceTree = "<group>";
		};
/* End PBXVariantGroup section */

/* Begin XCBuildConfiguration section */
		3F6CE3EBE8EEFEB3F4F43984C9133B44 /* Debug */ = {
			isa = XCBuildConfiguration;
			buildSettings = {
				ALWAYS_SEARCH_USER_PATHS = NO;
				CLANG_ANALYZER_NONNULL = YES;
				CLANG_ANALYZER_NUMBER_OBJECT_CONVERSION = YES_AGGRESSIVE;
				CLANG_CXX_LANGUAGE_STANDARD = "gnu++14";
				CLANG_CXX_LIBRARY = "libc++";
				CLANG_ENABLE_MODULES = YES;
				CLANG_ENABLE_OBJC_ARC = YES;
				CLANG_ENABLE_OBJC_WEAK = YES;
				CLANG_WARN_BLOCK_CAPTURE_AUTORELEASING = YES;
				CLANG_WARN_BOOL_CONVERSION = YES;
				CLANG_WARN_COMMA = YES;
				CLANG_WARN_CONSTANT_CONVERSION = YES;
				CLANG_WARN_DEPRECATED_OBJC_IMPLEMENTATIONS = YES;
				CLANG_WARN_DIRECT_OBJC_ISA_USAGE = YES_ERROR;
				CLANG_WARN_DOCUMENTATION_COMMENTS = YES;
				CLANG_WARN_EMPTY_BODY = YES;
				CLANG_WARN_ENUM_CONVERSION = YES;
				CLANG_WARN_INFINITE_RECURSION = YES;
				CLANG_WARN_INT_CONVERSION = YES;
				CLANG_WARN_NON_LITERAL_NULL_CONVERSION = YES;
				CLANG_WARN_OBJC_IMPLICIT_RETAIN_SELF = YES;
				CLANG_WARN_OBJC_LITERAL_CONVERSION = YES;
				CLANG_WARN_OBJC_ROOT_CLASS = YES_ERROR;
				CLANG_WARN_RANGE_LOOP_ANALYSIS = YES;
				CLANG_WARN_STRICT_PROTOTYPES = YES;
				CLANG_WARN_SUSPICIOUS_MOVE = YES;
				CLANG_WARN_UNGUARDED_AVAILABILITY = YES_AGGRESSIVE;
				CLANG_WARN_UNREACHABLE_CODE = YES;
				CLANG_WARN__DUPLICATE_METHOD_MATCH = YES;
				CODE_SIGN_IDENTITY = "iPhone Developer";
				COPY_PHASE_STRIP = NO;
				CURRENT_PROJECT_VERSION = 1;
				DEBUG_INFORMATION_FORMAT = dwarf;
				ENABLE_STRICT_OBJC_MSGSEND = YES;
				ENABLE_TESTABILITY = YES;
				GCC_C_LANGUAGE_STANDARD = gnu11;
				GCC_DYNAMIC_NO_PIC = NO;
				GCC_NO_COMMON_BLOCKS = YES;
				GCC_OPTIMIZATION_LEVEL = 0;
				GCC_PREPROCESSOR_DEFINITIONS = (
					"DEBUG=1",
					"$(inherited)",
				);
				GCC_WARN_64_TO_32_BIT_CONVERSION = YES;
				GCC_WARN_ABOUT_RETURN_TYPE = YES_ERROR;
				GCC_WARN_UNDECLARED_SELECTOR = YES;
				GCC_WARN_UNINITIALIZED_AUTOS = YES_AGGRESSIVE;
				GCC_WARN_UNUSED_FUNCTION = YES;
				GCC_WARN_UNUSED_VARIABLE = YES;
				IPHONEOS_DEPLOYMENT_TARGET = 11.3;
				MTL_ENABLE_DEBUG_INFO = YES;
				ONLY_ACTIVE_ARCH = YES;
				SDKROOT = iphoneos;
				SWIFT_ACTIVE_COMPILATION_CONDITIONS = DEBUG;
				SWIFT_OPTIMIZATION_LEVEL = "-Onone";
				VERSIONING_SYSTEM = "apple-generic";
				VERSION_INFO_PREFIX = "";
			};
			name = Debug;
		};
		43BCF0F7CDEC2FE75C41041AD59824CE /* Release */ = {
			isa = XCBuildConfiguration;
			buildSettings = {
				CLANG_ENABLE_MODULES = YES;
				CODE_SIGN_IDENTITY = "";
				CODE_SIGN_STYLE = Manual;
				DEFINES_MODULE = YES;
				DYLIB_COMPATIBILITY_VERSION = 1;
				DYLIB_CURRENT_VERSION = 1;
				DYLIB_INSTALL_NAME_BASE = "@rpath";
				INFOPLIST_FILE = WebParser/Info.plist;
				INSTALL_PATH = "$(LOCAL_LIBRARY_DIR)/Frameworks";
				IPHONEOS_DEPLOYMENT_TARGET = 9.0;
				LD_RUNPATH_SEARCH_PATHS = (
					"$(inherited)",
					"@executable_path/Frameworks",
					"@loader_path/Frameworks",
				);
				PRODUCT_BUNDLE_IDENTIFIER = com.shinrenpan.WebParser;
				PRODUCT_NAME = "$(TARGET_NAME:c99extidentifier)";
				PROVISIONING_PROFILE_SPECIFIER = "";
				SKIP_INSTALL = YES;
				SWIFT_VERSION = 4.2;
				TARGETED_DEVICE_FAMILY = "1,2";
			};
			name = Release;
		};
		7C3760BA517BF3CE3F6265CA1E61835D /* Release */ = {
			isa = XCBuildConfiguration;
			buildSettings = {
				ALWAYS_EMBED_SWIFT_STANDARD_LIBRARIES = YES;
				ASSETCATALOG_COMPILER_APPICON_NAME = AppIcon;
				CODE_SIGN_STYLE = Automatic;
				INFOPLIST_FILE = Demo/Info.plist;
				LD_RUNPATH_SEARCH_PATHS = (
					"$(inherited)",
					"@executable_path/Frameworks",
				);
				PRODUCT_BUNDLE_IDENTIFIER = com.shinrenpan.Demo;
				PRODUCT_NAME = "$(TARGET_NAME)";
				SWIFT_VERSION = 4.2;
				TARGETED_DEVICE_FAMILY = 1;
			};
			name = Release;
		};
		7E2373A94D5A05B0B0276AC994B098E2 /* Debug */ = {
			isa = XCBuildConfiguration;
			buildSettings = {
				ALWAYS_EMBED_SWIFT_STANDARD_LIBRARIES = YES;
				ASSETCATALOG_COMPILER_APPICON_NAME = AppIcon;
				CODE_SIGN_STYLE = Automatic;
				INFOPLIST_FILE = Demo/Info.plist;
				LD_RUNPATH_SEARCH_PATHS = (
					"$(inherited)",
					"@executable_path/Frameworks",
				);
				PRODUCT_BUNDLE_IDENTIFIER = com.shinrenpan.Demo;
				PRODUCT_NAME = "$(TARGET_NAME)";
				SWIFT_VERSION = 4.2;
				TARGETED_DEVICE_FAMILY = 1;
			};
			name = Debug;
		};
		9026B6CD74DAFFFFB9DF3B1DF6A3AF16 /* Release */ = {
			isa = XCBuildConfiguration;
			buildSettings = {
				ALWAYS_SEARCH_USER_PATHS = NO;
				CLANG_ANALYZER_NONNULL = YES;
				CLANG_ANALYZER_NUMBER_OBJECT_CONVERSION = YES_AGGRESSIVE;
				CLANG_CXX_LANGUAGE_STANDARD = "gnu++14";
				CLANG_CXX_LIBRARY = "libc++";
				CLANG_ENABLE_MODULES = YES;
				CLANG_ENABLE_OBJC_ARC = YES;
				CLANG_ENABLE_OBJC_WEAK = YES;
				CLANG_WARN_BLOCK_CAPTURE_AUTORELEASING = YES;
				CLANG_WARN_BOOL_CONVERSION = YES;
				CLANG_WARN_COMMA = YES;
				CLANG_WARN_CONSTANT_CONVERSION = YES;
				CLANG_WARN_DEPRECATED_OBJC_IMPLEMENTATIONS = YES;
				CLANG_WARN_DIRECT_OBJC_ISA_USAGE = YES_ERROR;
				CLANG_WARN_DOCUMENTATION_COMMENTS = YES;
				CLANG_WARN_EMPTY_BODY = YES;
				CLANG_WARN_ENUM_CONVERSION = YES;
				CLANG_WARN_INFINITE_RECURSION = YES;
				CLANG_WARN_INT_CONVERSION = YES;
				CLANG_WARN_NON_LITERAL_NULL_CONVERSION = YES;
				CLANG_WARN_OBJC_IMPLICIT_RETAIN_SELF = YES;
				CLANG_WARN_OBJC_LITERAL_CONVERSION = YES;
				CLANG_WARN_OBJC_ROOT_CLASS = YES_ERROR;
				CLANG_WARN_RANGE_LOOP_ANALYSIS = YES;
				CLANG_WARN_STRICT_PROTOTYPES = YES;
				CLANG_WARN_SUSPICIOUS_MOVE = YES;
				CLANG_WARN_UNGUARDED_AVAILABILITY = YES_AGGRESSIVE;
				CLANG_WARN_UNREACHABLE_CODE = YES;
				CLANG_WARN__DUPLICATE_METHOD_MATCH = YES;
				CODE_SIGN_IDENTITY = "iPhone Developer";
				COPY_PHASE_STRIP = NO;
				CURRENT_PROJECT_VERSION = 1;
				DEBUG_INFORMATION_FORMAT = "dwarf-with-dsym";
				ENABLE_NS_ASSERTIONS = NO;
				ENABLE_STRICT_OBJC_MSGSEND = YES;
				GCC_C_LANGUAGE_STANDARD = gnu11;
				GCC_NO_COMMON_BLOCKS = YES;
				GCC_WARN_64_TO_32_BIT_CONVERSION = YES;
				GCC_WARN_ABOUT_RETURN_TYPE = YES_ERROR;
				GCC_WARN_UNDECLARED_SELECTOR = YES;
				GCC_WARN_UNINITIALIZED_AUTOS = YES_AGGRESSIVE;
				GCC_WARN_UNUSED_FUNCTION = YES;
				GCC_WARN_UNUSED_VARIABLE = YES;
				IPHONEOS_DEPLOYMENT_TARGET = 11.3;
				MTL_ENABLE_DEBUG_INFO = NO;
				SDKROOT = iphoneos;
				SWIFT_COMPILATION_MODE = wholemodule;
				SWIFT_OPTIMIZATION_LEVEL = "-O";
				VALIDATE_PRODUCT = YES;
				VERSIONING_SYSTEM = "apple-generic";
				VERSION_INFO_PREFIX = "";
			};
			name = Release;
		};
		DCFC6B32CF8250317B433F1244A3BCCA /* Debug */ = {
			isa = XCBuildConfiguration;
			buildSettings = {
				CLANG_ENABLE_MODULES = YES;
				CODE_SIGN_IDENTITY = "";
				CODE_SIGN_STYLE = Manual;
				DEFINES_MODULE = YES;
				DYLIB_COMPATIBILITY_VERSION = 1;
				DYLIB_CURRENT_VERSION = 1;
				DYLIB_INSTALL_NAME_BASE = "@rpath";
				INFOPLIST_FILE = WebParser/Info.plist;
				INSTALL_PATH = "$(LOCAL_LIBRARY_DIR)/Frameworks";
				IPHONEOS_DEPLOYMENT_TARGET = 9.0;
				LD_RUNPATH_SEARCH_PATHS = (
					"$(inherited)",
					"@executable_path/Frameworks",
					"@loader_path/Frameworks",
				);
				PRODUCT_BUNDLE_IDENTIFIER = com.shinrenpan.WebParser;
				PRODUCT_NAME = "$(TARGET_NAME:c99extidentifier)";
				PROVISIONING_PROFILE_SPECIFIER = "";
				SKIP_INSTALL = YES;
				SWIFT_OPTIMIZATION_LEVEL = "-Onone";
				SWIFT_VERSION = 4.2;
				TARGETED_DEVICE_FAMILY = "1,2";
			};
			name = Debug;
		};
/* End XCBuildConfiguration section */

/* Begin XCConfigurationList section */
		B591E243ADD399C7771B91D6D1AA7DBA /* Build configuration list for PBXNativeTarget "Demo" */ = {
			isa = XCConfigurationList;
			buildConfigurations = (
				7E2373A94D5A05B0B0276AC994B098E2 /* Debug */,
				7C3760BA517BF3CE3F6265CA1E61835D /* Release */,
			);
			defaultConfigurationIsVisible = 0;
			defaultConfigurationName = Release;
		};
		D741991BC9B00453BFD8E78FFCA63E27 /* Build configuration list for PBXProject "WebParser" */ = {
			isa = XCConfigurationList;
			buildConfigurations = (
				3F6CE3EBE8EEFEB3F4F43984C9133B44 /* Debug */,
				9026B6CD74DAFFFFB9DF3B1DF6A3AF16 /* Release */,
			);
			defaultConfigurationIsVisible = 0;
			defaultConfigurationName = Release;
		};
		F3284E1906571EDABD8859A2D6CA3578 /* Build configuration list for PBXNativeTarget "WebParser" */ = {
			isa = XCConfigurationList;
			buildConfigurations = (
				DCFC6B32CF8250317B433F1244A3BCCA /* Debug */,
				43BCF0F7CDEC2FE75C41041AD59824CE /* Release */,
			);
			defaultConfigurationIsVisible = 0;
			defaultConfigurationName = Release;
		};
/* End XCConfigurationList section */
	};
	rootObject = 7A88468124C030182E018F2B8D32BABD /* Project object */;
}
